{
  "pins" : [
    {
      "identity" : "cuckoo",
      "kind" : "remoteSourceControl",
      "location" : "https://github.com/Brightify/Cuckoo.git",
      "state" : {
        "revision" : "475322e609d009c284464c886ca08cfe421137a9",
        "version" : "1.10.3"
      }
    },
    {
      "identity" : "dip",
      "kind" : "remoteSourceControl",
      "location" : "https://github.com/AliSoftware/Dip",
      "state" : {
        "revision" : "c3b601df0ff22b06b6d5ff4943faf05c0bd3f9bb",
        "version" : "7.1.1"
      }
    }
  ],
  "version" : 2
}
